
Microsoft Visual Studio Solution File, Format Version 12.00
# Visual Studio 14
VisualStudioVersion = 14.0.25420.1
MinimumVisualStudioVersion = 10.0.40219.1
Project("{FAE04EC0-301F-11D3-BF4B-00C04F79EFBC}") = "MapleDailyTracker", "MapleDailyTracker\MapleDailyTracker.csproj", "{36B81A1F-AE6B-450D-B2CA-0D82344B48FE}"
EndProject
Global
	GlobalSection(SolutionConfigurationPlatforms) = preSolution
		Debug|Any CPU = Debug|Any CPU
		Release|Any CPU = Release|Any CPU
	EndGlobalSection
	GlobalSection(ProjectConfigurationPlatforms) = postSolution
		{36B81A1F-AE6B-450D-B2CA-0D82344B48FE}.Debug|Any CPU.ActiveCfg = Debug|Any CPU
		{36B81A1F-AE6B-450D-B2CA-0D82344B48FE}.Debug|Any CPU.Build.0 = Debug|Any CPU
		{36B81A1F-AE6B-450D-B2CA-0D82344B48FE}.Release|Any CPU.ActiveCfg = Release|Any CPU
		{36B81A1F-AE6B-450D-B2CA-0D82344B48FE}.Release|Any CPU.Build.0 = Release|Any CPU
	EndGlobalSection
	GlobalSection(SolutionProperties) = preSolution
		HideSolutionNode = FALSE
	EndGlobalSection
EndGlobal
